
Microsoft Visual Studio Solution File, Format Version 12.00
# Visual Studio Version 16
VisualStudioVersion = 16.0.30907.101
MinimumVisualStudioVersion = 10.0.40219.1
Project("{FAE04EC0-301F-11D3-BF4B-00C04F79EFBC}") = "NCC-PRO", "NCC-PRO.csproj", "{BAE9A9C9-FA53-4022-A6FA-DE51E18164BB}"
EndProject
Global
	GlobalSection(SolutionConfigurationPlatforms) = preSolution
		Debug|Any CPU = Debug|Any CPU
		Release|Any CPU = Release|Any CPU
	EndGlobalSection
	GlobalSection(ProjectConfigurationPlatforms) = postSolution
		{BAE9A9C9-FA53-4022-A6FA-DE51E18164BB}.Debug|Any CPU.ActiveCfg = Debug|Any CPU
		{BAE9A9C9-FA53-4022-A6FA-DE51E18164BB}.Debug|Any CPU.Build.0 = Debug|Any CPU
		{BAE9A9C9-FA53-4022-A6FA-DE51E18164BB}.Release|Any CPU.ActiveCfg = Release|Any CPU
		{BAE9A9C9-FA53-4022-A6FA-DE51E18164BB}.Release|Any CPU.Build.0 = Release|Any CPU
	EndGlobalSection
	GlobalSection(SolutionProperties) = preSolution
		HideSolutionNode = FALSE
	EndGlobalSection
	GlobalSection(ExtensibilityGlobals) = postSolution
		SolutionGuid = {6A934D8E-3143-4BDE-B219-4303F81B66A5}
	EndGlobalSection
EndGlobal
